{
  "name": "@prograp/brick-slider",
  "version": "1.0.0",
  "lockfileVersion": 1,
  "requires": true,
  "dependencies": {
    "@af-modules/databinding": {
      "version": "1.2.0",
      "resolved": "https://registry.npmjs.org/@af-modules/databinding/-/databinding-1.2.0.tgz",
      "integrity": "sha512-4sc2YawLMP5Kv2h51BKkY9GEjOEfrtEt3YE+/iOdNZTX7aY3b2XETzWh1FsCVMFJ/8HD31LCY1K5/QXDCzp0tA==",
      "requires": {
        "application-frame": "^1.0.0"
      },
      "dependencies": {
        "application-frame": {
          "version": "1.0.0",
          "resolved": "https://registry.npmjs.org/application-frame/-/application-frame-1.0.0.tgz",
          "integrity": "sha512-9GFDG/xg3C8jFhhcM4oIQ+k5HY9+Pq6idoLAQwal8ZDoToQ1bPspyzqUw/bYge6k6CuzaU1WO1SIJO3Uyesqyg==",
          "requires": {
            "callsite": "^1.0.0"
          }
        }
      }
    },
    "@webcomponents/webcomponentsjs": {
      "version": "2.2.10",
      "resolved": "https://registry.npmjs.org/@webcomponents/webcomponentsjs/-/webcomponentsjs-2.2.10.tgz",
      "integrity": "sha512-5dzhUhP+h0qMiK0IWb7VNb0OGBoXO3AuI6Qi8t9PoKT50s5L1jv0xnwnLq+cFgPuTB8FLTNP8xIDmyoOsKBy9Q=="
    },
    "application-frame": {
      "version": "0.7.0-dev.5",
      "resolved": "https://registry.npmjs.org/application-frame/-/application-frame-0.7.0-dev.5.tgz",
      "integrity": "sha512-65VGQpvUt3Y/4Q0eOY77cCIVhRB7Arlj0P3ppZULxQAqpzU5VMuTGPSU9/kG9H71D0DypB0FvtozQx62A+i0kA==",
      "requires": {
        "callsite": "^1.0.0"
      }
    },
    "callsite": {
      "version": "1.0.0",
      "resolved": "https://registry.npmjs.org/callsite/-/callsite-1.0.0.tgz",
      "integrity": "sha1-KAOY5dZkvXQDi28JBRU+borxvCA="
    }
  }
}
